
Microsoft Visual Studio Solution File, Format Version 12.00
# Visual Studio Version 17
VisualStudioVersion = 17.1.32210.238
MinimumVisualStudioVersion = 10.0.40219.1
Project("{8BC9CEB8-8B4A-11D0-8D11-00A0C91BC942}") = "UTS_KGV", "UTS_KGV.vcxproj", "{6000F3F5-84E2-439A-9D26-2A96C9F51CCE}"
EndProject
Global
	GlobalSection(SolutionConfigurationPlatforms) = preSolution
		Debug|x64 = Debug|x64
		Debug|x86 = Debug|x86
		Release|x64 = Release|x64
		Release|x86 = Release|x86
	EndGlobalSection
	GlobalSection(ProjectConfigurationPlatforms) = postSolution
		{6000F3F5-84E2-439A-9D26-2A96C9F51CCE}.Debug|x64.ActiveCfg = Debug|x64
		{6000F3F5-84E2-439A-9D26-2A96C9F51CCE}.Debug|x64.Build.0 = Debug|x64
		{6000F3F5-84E2-439A-9D26-2A96C9F51CCE}.Debug|x86.ActiveCfg = Debug|Win32
		{6000F3F5-84E2-439A-9D26-2A96C9F51CCE}.Debug|x86.Build.0 = Debug|Win32
		{6000F3F5-84E2-439A-9D26-2A96C9F51CCE}.Release|x64.ActiveCfg = Release|x64
		{6000F3F5-84E2-439A-9D26-2A96C9F51CCE}.Release|x64.Build.0 = Release|x64
		{6000F3F5-84E2-439A-9D26-2A96C9F51CCE}.Release|x86.ActiveCfg = Release|Win32
		{6000F3F5-84E2-439A-9D26-2A96C9F51CCE}.Release|x86.Build.0 = Release|Win32
	EndGlobalSection
	GlobalSection(SolutionProperties) = preSolution
		HideSolutionNode = FALSE
	EndGlobalSection
	GlobalSection(ExtensibilityGlobals) = postSolution
		SolutionGuid = {5562EC8C-091C-4B4F-8C40-E50152A81715}
	EndGlobalSection
EndGlobal
